
Microsoft Visual Studio Solution File, Format Version 12.00
# Visual Studio Version 16
VisualStudioVersion = 16.0.31105.61
MinimumVisualStudioVersion = 10.0.40219.1
Project("{FAE04EC0-301F-11D3-BF4B-00C04F79EFBC}") = "ApiProxyService", "ApiProxyService\ApiProxyService.csproj", "{0990A304-44FC-4D7D-BC2E-B4B7B2193C7C}"
EndProject
Global
	GlobalSection(SolutionConfigurationPlatforms) = preSolution
		Debug|Any CPU = Debug|Any CPU
		Release|Any CPU = Release|Any CPU
	EndGlobalSection
	GlobalSection(ProjectConfigurationPlatforms) = postSolution
		{0990A304-44FC-4D7D-BC2E-B4B7B2193C7C}.Debug|Any CPU.ActiveCfg = Debug|Any CPU
		{0990A304-44FC-4D7D-BC2E-B4B7B2193C7C}.Debug|Any CPU.Build.0 = Debug|Any CPU
		{0990A304-44FC-4D7D-BC2E-B4B7B2193C7C}.Release|Any CPU.ActiveCfg = Release|Any CPU
		{0990A304-44FC-4D7D-BC2E-B4B7B2193C7C}.Release|Any CPU.Build.0 = Release|Any CPU
	EndGlobalSection
	GlobalSection(SolutionProperties) = preSolution
		HideSolutionNode = FALSE
	EndGlobalSection
	GlobalSection(ExtensibilityGlobals) = postSolution
		SolutionGuid = {C728A32B-9F11-42A8-8698-FD4E1DA73D14}
	EndGlobalSection
EndGlobal
