
Microsoft Visual Studio Solution File, Format Version 12.00
# Visual Studio Version 16
VisualStudioVersion = 16.0.810.0
MinimumVisualStudioVersion = 10.0.40219.1
Project("{FAE04EC0-301F-11D3-BF4B-00C04F79EFBC}") = "ProviderService", "ProviderService\ProviderService.csproj", "{CC447521-1698-420A-BD46-A7EC4B1F1BE1}"
EndProject
Global
	GlobalSection(SolutionConfigurationPlatforms) = preSolution
		Debug|Any CPU = Debug|Any CPU
		Release|Any CPU = Release|Any CPU
	EndGlobalSection
	GlobalSection(ProjectConfigurationPlatforms) = postSolution
		{CC447521-1698-420A-BD46-A7EC4B1F1BE1}.Debug|Any CPU.ActiveCfg = Debug|Any CPU
		{CC447521-1698-420A-BD46-A7EC4B1F1BE1}.Debug|Any CPU.Build.0 = Debug|Any CPU
		{CC447521-1698-420A-BD46-A7EC4B1F1BE1}.Release|Any CPU.ActiveCfg = Release|Any CPU
		{CC447521-1698-420A-BD46-A7EC4B1F1BE1}.Release|Any CPU.Build.0 = Release|Any CPU
	EndGlobalSection
	GlobalSection(SolutionProperties) = preSolution
		HideSolutionNode = FALSE
	EndGlobalSection
	GlobalSection(ExtensibilityGlobals) = postSolution
		SolutionGuid = {7B846CFC-4E42-4097-AAF0-943A9A6668D7}
	EndGlobalSection
EndGlobal
