
Microsoft Visual Studio Solution File, Format Version 12.00
# Visual Studio Version 16
VisualStudioVersion = 16.0.810.0
MinimumVisualStudioVersion = 10.0.40219.1
Project("{FAE04EC0-301F-11D3-BF4B-00C04F79EFBC}") = "TobinTaxService", "TobinTaxService\TobinTaxService.csproj", "{07F63040-81A2-40A8-B13B-8B127373CFE0}"
EndProject
Global
	GlobalSection(SolutionConfigurationPlatforms) = preSolution
		Debug|Any CPU = Debug|Any CPU
		Release|Any CPU = Release|Any CPU
	EndGlobalSection
	GlobalSection(ProjectConfigurationPlatforms) = postSolution
		{07F63040-81A2-40A8-B13B-8B127373CFE0}.Debug|Any CPU.ActiveCfg = Debug|Any CPU
		{07F63040-81A2-40A8-B13B-8B127373CFE0}.Debug|Any CPU.Build.0 = Debug|Any CPU
		{07F63040-81A2-40A8-B13B-8B127373CFE0}.Release|Any CPU.ActiveCfg = Release|Any CPU
		{07F63040-81A2-40A8-B13B-8B127373CFE0}.Release|Any CPU.Build.0 = Release|Any CPU
	EndGlobalSection
	GlobalSection(SolutionProperties) = preSolution
		HideSolutionNode = FALSE
	EndGlobalSection
	GlobalSection(ExtensibilityGlobals) = postSolution
		SolutionGuid = {26A7DBAB-29D2-44A6-88EF-3BF86742121B}
	EndGlobalSection
EndGlobal
